// !$*UTF8*$!
{
	archiveVersion = 1;
	classes = {
	};
	objectVersion = 50;
	objects = {

/* Begin PBXBuildFile section */
		3E1CFD4A263A714E0021BCFF /* SwiftHackUI.framework in Frameworks */ = {isa = PBXBuildFile; fileRef = 3E1CFD40263A714E0021BCFF /* SwiftHackUI.framework */; };
		3E1CFD4F263A714E0021BCFF /* SwiftHackUITests.swift in Sources */ = {isa = PBXBuildFile; fileRef = 3E1CFD4E263A714E0021BCFF /* SwiftHackUITests.swift */; };
		3E1CFD51263A714E0021BCFF /* SwiftHackUI.h in Headers */ = {isa = PBXBuildFile; fileRef = 3E1CFD43263A714E0021BCFF /* SwiftHackUI.h */; settings = {ATTRIBUTES = (Public, ); }; };
		3E1CFD63263A727E0021BCFF /* AppDelegate.swift in Sources */ = {isa = PBXBuildFile; fileRef = 3E1CFD62263A727E0021BCFF /* AppDelegate.swift */; };
		3E1CFD65263A727E0021BCFF /* SceneDelegate.swift in Sources */ = {isa = PBXBuildFile; fileRef = 3E1CFD64263A727E0021BCFF /* SceneDelegate.swift */; };
		3E1CFD6A263A727E0021BCFF /* Main.storyboard in Resources */ = {isa = PBXBuildFile; fileRef = 3E1CFD68263A727E0021BCFF /* Main.storyboard */; };
		3E1CFD6C263A72810021BCFF /* Assets.xcassets in Resources */ = {isa = PBXBuildFile; fileRef = 3E1CFD6B263A72810021BCFF /* Assets.xcassets */; };
		3E1CFD6F263A72810021BCFF /* LaunchScreen.storyboard in Resources */ = {isa = PBXBuildFile; fileRef = 3E1CFD6D263A72810021BCFF /* LaunchScreen.storyboard */; };
		3E1CFD78263A75E70021BCFF /* CircleButtonGroupView.swift in Sources */ = {isa = PBXBuildFile; fileRef = 3E1CFD77263A75E70021BCFF /* CircleButtonGroupView.swift */; };
		3E1CFD7D263A763F0021BCFF /* CircleButton.swift in Sources */ = {isa = PBXBuildFile; fileRef = 3E1CFD7C263A763F0021BCFF /* CircleButton.swift */; };
		3E1CFD83263A766E0021BCFF /* Colors.swift in Sources */ = {isa = PBXBuildFile; fileRef = 3E1CFD82263A766E0021BCFF /* Colors.swift */; };
		3E1CFD8C263A76C70021BCFF /* UIColorPodExtension.swift in Sources */ = {isa = PBXBuildFile; fileRef = 3E1CFD8B263A76C70021BCFF /* UIColorPodExtension.swift */; };
		3E1CFD94263A76FB0021BCFF /* UIViewPodExtension.swift in Sources */ = {isa = PBXBuildFile; fileRef = 3E1CFD93263A76FB0021BCFF /* UIViewPodExtension.swift */; };
		3E1CFDA8263A77C90021BCFF /* CircleButtonGroupViewTest.swift in Sources */ = {isa = PBXBuildFile; fileRef = 3E1CFDA7263A77C90021BCFF /* CircleButtonGroupViewTest.swift */; };
		3E1CFDB8263A7BBC0021BCFF /* CircleButtonGroupViewController.swift in Sources */ = {isa = PBXBuildFile; fileRef = 3E1CFDB7263A7BBC0021BCFF /* CircleButtonGroupViewController.swift */; };
		3E1CFDC3263A7BFE0021BCFF /* HomeViewController.swift in Sources */ = {isa = PBXBuildFile; fileRef = 3E1CFDC2263A7BFE0021BCFF /* HomeViewController.swift */; };
/* End PBXBuildFile section */

/* Begin PBXContainerItemProxy section */
		3E1CFD4B263A714E0021BCFF /* PBXContainerItemProxy */ = {
			isa = PBXContainerItemProxy;
			containerPortal = 3E1CFD37263A714E0021BCFF /* Project object */;
			proxyType = 1;
			remoteGlobalIDString = 3E1CFD3F263A714E0021BCFF;
			remoteInfo = SwiftHackUI;
		};
/* End PBXContainerItemProxy section */

/* Begin PBXFileReference section */
		3E1CFD40263A714E0021BCFF /* SwiftHackUI.framework */ = {isa = PBXFileReference; explicitFileType = wrapper.framework; includeInIndex = 0; path = SwiftHackUI.framework; sourceTree = BUILT_PRODUCTS_DIR; };
		3E1CFD43263A714E0021BCFF /* SwiftHackUI.h */ = {isa = PBXFileReference; lastKnownFileType = sourcecode.c.h; path = SwiftHackUI.h; sourceTree = "<group>"; };
		3E1CFD44263A714E0021BCFF /* Info.plist */ = {isa = PBXFileReference; lastKnownFileType = text.plist.xml; path = Info.plist; sourceTree = "<group>"; };
		3E1CFD49263A714E0021BCFF /* SwiftHackUITests.xctest */ = {isa = PBXFileReference; explicitFileType = wrapper.cfbundle; includeInIndex = 0; path = SwiftHackUITests.xctest; sourceTree = BUILT_PRODUCTS_DIR; };
		3E1CFD4E263A714E0021BCFF /* SwiftHackUITests.swift */ = {isa = PBXFileReference; lastKnownFileType = sourcecode.swift; path = SwiftHackUITests.swift; sourceTree = "<group>"; };
		3E1CFD50263A714E0021BCFF /* Info.plist */ = {isa = PBXFileReference; lastKnownFileType = text.plist.xml; path = Info.plist; sourceTree = "<group>"; };
		3E1CFD60263A727E0021BCFF /* SwiftHackUIExamples.app */ = {isa = PBXFileReference; explicitFileType = wrapper.application; includeInIndex = 0; path = SwiftHackUIExamples.app; sourceTree = BUILT_PRODUCTS_DIR; };
		3E1CFD62263A727E0021BCFF /* AppDelegate.swift */ = {isa = PBXFileReference; lastKnownFileType = sourcecode.swift; path = AppDelegate.swift; sourceTree = "<group>"; };
		3E1CFD64263A727E0021BCFF /* SceneDelegate.swift */ = {isa = PBXFileReference; lastKnownFileType = sourcecode.swift; path = SceneDelegate.swift; sourceTree = "<group>"; };
		3E1CFD69263A727E0021BCFF /* Base */ = {isa = PBXFileReference; lastKnownFileType = file.storyboard; name = Base; path = Base.lproj/Main.storyboard; sourceTree = "<group>"; };
		3E1CFD6B263A72810021BCFF /* Assets.xcassets */ = {isa = PBXFileReference; lastKnownFileType = folder.assetcatalog; path = Assets.xcassets; sourceTree = "<group>"; };
		3E1CFD6E263A72810021BCFF /* Base */ = {isa = PBXFileReference; lastKnownFileType = file.storyboard; name = Base; path = Base.lproj/LaunchScreen.storyboard; sourceTree = "<group>"; };
		3E1CFD70263A72810021BCFF /* Info.plist */ = {isa = PBXFileReference; lastKnownFileType = text.plist.xml; path = Info.plist; sourceTree = "<group>"; };
		3E1CFD77263A75E70021BCFF /* CircleButtonGroupView.swift */ = {isa = PBXFileReference; lastKnownFileType = sourcecode.swift; path = CircleButtonGroupView.swift; sourceTree = "<group>"; };
		3E1CFD7C263A763F0021BCFF /* CircleButton.swift */ = {isa = PBXFileReference; lastKnownFileType = sourcecode.swift; path = CircleButton.swift; sourceTree = "<group>"; };
		3E1CFD82263A766E0021BCFF /* Colors.swift */ = {isa = PBXFileReference; lastKnownFileType = sourcecode.swift; path = Colors.swift; sourceTree = "<group>"; };
		3E1CFD8B263A76C70021BCFF /* UIColorPodExtension.swift */ = {isa = PBXFileReference; lastKnownFileType = sourcecode.swift; path = UIColorPodExtension.swift; sourceTree = "<group>"; };
		3E1CFD93263A76FB0021BCFF /* UIViewPodExtension.swift */ = {isa = PBXFileReference; lastKnownFileType = sourcecode.swift; path = UIViewPodExtension.swift; sourceTree = "<group>"; };
		3E1CFDA7263A77C90021BCFF /* CircleButtonGroupViewTest.swift */ = {isa = PBXFileReference; lastKnownFileType = sourcecode.swift; path = CircleButtonGroupViewTest.swift; sourceTree = "<group>"; };
		3E1CFDB7263A7BBC0021BCFF /* CircleButtonGroupViewController.swift */ = {isa = PBXFileReference; lastKnownFileType = sourcecode.swift; path = CircleButtonGroupViewController.swift; sourceTree = "<group>"; };
		3E1CFDC2263A7BFE0021BCFF /* HomeViewController.swift */ = {isa = PBXFileReference; lastKnownFileType = sourcecode.swift; path = HomeViewController.swift; sourceTree = "<group>"; };
/* End PBXFileReference section */

/* Begin PBXFrameworksBuildPhase section */
		3E1CFD3D263A714E0021BCFF /* Frameworks */ = {
			isa = PBXFrameworksBuildPhase;
			buildActionMask = 2147483647;
			files = (
			);
			runOnlyForDeploymentPostprocessing = 0;
		};
		3E1CFD46263A714E0021BCFF /* Frameworks */ = {
			isa = PBXFrameworksBuildPhase;
			buildActionMask = 2147483647;
			files = (
				3E1CFD4A263A714E0021BCFF /* SwiftHackUI.framework in Frameworks */,
			);
			runOnlyForDeploymentPostprocessing = 0;
		};
		3E1CFD5D263A727E0021BCFF /* Frameworks */ = {
			isa = PBXFrameworksBuildPhase;
			buildActionMask = 2147483647;
			files = (
			);
			runOnlyForDeploymentPostprocessing = 0;
		};
/* End PBXFrameworksBuildPhase section */

/* Begin PBXGroup section */
		3E1CFD36263A714E0021BCFF = {
			isa = PBXGroup;
			children = (
				3E1CFD42263A714E0021BCFF /* SwiftHackUI */,
				3E1CFD4D263A714E0021BCFF /* SwiftHackUITests */,
				3E1CFD61263A727E0021BCFF /* SwiftHackUIExamples */,
				3E1CFD41263A714E0021BCFF /* Products */,
			);
			sourceTree = "<group>";
		};
		3E1CFD41263A714E0021BCFF /* Products */ = {
			isa = PBXGroup;
			children = (
				3E1CFD40263A714E0021BCFF /* SwiftHackUI.framework */,
				3E1CFD49263A714E0021BCFF /* SwiftHackUITests.xctest */,
				3E1CFD60263A727E0021BCFF /* SwiftHackUIExamples.app */,
			);
			name = Products;
			sourceTree = "<group>";
		};
		3E1CFD42263A714E0021BCFF /* SwiftHackUI */ = {
			isa = PBXGroup;
			children = (
				3E1CFD99263A77300021BCFF /* Components */,
				3E1CFD8A263A76960021BCFF /* Extensions */,
				3E1CFD81263A76570021BCFF /* Utils */,
				3E1CFD43263A714E0021BCFF /* SwiftHackUI.h */,
				3E1CFD44263A714E0021BCFF /* Info.plist */,
			);
			path = SwiftHackUI;
			sourceTree = "<group>";
		};
		3E1CFD4D263A714E0021BCFF /* SwiftHackUITests */ = {
			isa = PBXGroup;
			children = (
				3E1CFD9A263A773E0021BCFF /* Components */,
				3E1CFD4E263A714E0021BCFF /* SwiftHackUITests.swift */,
				3E1CFD50263A714E0021BCFF /* Info.plist */,
			);
			path = SwiftHackUITests;
			sourceTree = "<group>";
		};
		3E1CFD61263A727E0021BCFF /* SwiftHackUIExamples */ = {
			isa = PBXGroup;
			children = (
				3E1CFDB2263A7B600021BCFF /* Components */,
				3E1CFD62263A727E0021BCFF /* AppDelegate.swift */,
				3E1CFD64263A727E0021BCFF /* SceneDelegate.swift */,
				3E1CFDC2263A7BFE0021BCFF /* HomeViewController.swift */,
				3E1CFD68263A727E0021BCFF /* Main.storyboard */,
				3E1CFD6B263A72810021BCFF /* Assets.xcassets */,
				3E1CFD6D263A72810021BCFF /* LaunchScreen.storyboard */,
				3E1CFD70263A72810021BCFF /* Info.plist */,
			);
			path = SwiftHackUIExamples;
			sourceTree = "<group>";
		};
		3E1CFD81263A76570021BCFF /* Utils */ = {
			isa = PBXGroup;
			children = (
				3E1CFD82263A766E0021BCFF /* Colors.swift */,
			);
			path = Utils;
			sourceTree = "<group>";
		};
		3E1CFD8A263A76960021BCFF /* Extensions */ = {
			isa = PBXGroup;
			children = (
				3E1CFD8B263A76C70021BCFF /* UIColorPodExtension.swift */,
				3E1CFD93263A76FB0021BCFF /* UIViewPodExtension.swift */,
			);
			path = Extensions;
			sourceTree = "<group>";
		};
		3E1CFD98263A771E0021BCFF /* CircleButton */ = {
			isa = PBXGroup;
			children = (
				3E1CFD77263A75E70021BCFF /* CircleButtonGroupView.swift */,
				3E1CFD7C263A763F0021BCFF /* CircleButton.swift */,
			);
			path = CircleButton;
			sourceTree = "<group>";
		};
		3E1CFD99263A77300021BCFF /* Components */ = {
			isa = PBXGroup;
			children = (
				3E1CFD98263A771E0021BCFF /* CircleButton */,
			);
			path = Components;
			sourceTree = "<group>";
		};
		3E1CFD9A263A773E0021BCFF /* Components */ = {
			isa = PBXGroup;
			children = (
				3E1CFD9B263A77450021BCFF /* CircleButton */,
			);
			path = Components;
			sourceTree = "<group>";
		};
		3E1CFD9B263A77450021BCFF /* CircleButton */ = {
			isa = PBXGroup;
			children = (
				3E1CFDA7263A77C90021BCFF /* CircleButtonGroupViewTest.swift */,
			);
			path = CircleButton;
			sourceTree = "<group>";
		};
		3E1CFDB2263A7B600021BCFF /* Components */ = {
			isa = PBXGroup;
			children = (
				3E1CFDB6263A7B750021BCFF /* CircleButton */,
			);
			path = Components;
			sourceTree = "<group>";
		};
		3E1CFDB6263A7B750021BCFF /* CircleButton */ = {
			isa = PBXGroup;
			children = (
				3E1CFDB7263A7BBC0021BCFF /* CircleButtonGroupViewController.swift */,
			);
			path = CircleButton;
			sourceTree = "<group>";
		};
/* End PBXGroup section */

/* Begin PBXHeadersBuildPhase section */
		3E1CFD3B263A714E0021BCFF /* Headers */ = {
			isa = PBXHeadersBuildPhase;
			buildActionMask = 2147483647;
			files = (
				3E1CFD51263A714E0021BCFF /* SwiftHackUI.h in Headers */,
			);
			runOnlyForDeploymentPostprocessing = 0;
		};
/* End PBXHeadersBuildPhase section */

/* Begin PBXNativeTarget section */
		3E1CFD3F263A714E0021BCFF /* SwiftHackUI */ = {
			isa = PBXNativeTarget;
			buildConfigurationList = 3E1CFD54263A714E0021BCFF /* Build configuration list for PBXNativeTarget "SwiftHackUI" */;
			buildPhases = (
				3E1CFD3B263A714E0021BCFF /* Headers */,
				3E1CFD3C263A714E0021BCFF /* Sources */,
				3E1CFD3D263A714E0021BCFF /* Frameworks */,
				3E1CFD3E263A714E0021BCFF /* Resources */,
			);
			buildRules = (
			);
			dependencies = (
			);
			name = SwiftHackUI;
			productName = SwiftHackUI;
			productReference = 3E1CFD40263A714E0021BCFF /* SwiftHackUI.framework */;
			productType = "com.apple.product-type.framework";
		};
		3E1CFD48263A714E0021BCFF /* SwiftHackUITests */ = {
			isa = PBXNativeTarget;
			buildConfigurationList = 3E1CFD57263A714E0021BCFF /* Build configuration list for PBXNativeTarget "SwiftHackUITests" */;
			buildPhases = (
				3E1CFD45263A714E0021BCFF /* Sources */,
				3E1CFD46263A714E0021BCFF /* Frameworks */,
				3E1CFD47263A714E0021BCFF /* Resources */,
			);
			buildRules = (
			);
			dependencies = (
				3E1CFD4C263A714E0021BCFF /* PBXTargetDependency */,
			);
			name = SwiftHackUITests;
			productName = SwiftHackUITests;
			productReference = 3E1CFD49263A714E0021BCFF /* SwiftHackUITests.xctest */;
			productType = "com.apple.product-type.bundle.unit-test";
		};
		3E1CFD5F263A727E0021BCFF /* SwiftHackUIExamples */ = {
			isa = PBXNativeTarget;
			buildConfigurationList = 3E1CFD71263A72810021BCFF /* Build configuration list for PBXNativeTarget "SwiftHackUIExamples" */;
			buildPhases = (
				3E1CFD5C263A727E0021BCFF /* Sources */,
				3E1CFD5D263A727E0021BCFF /* Frameworks */,
				3E1CFD5E263A727E0021BCFF /* Resources */,
			);
			buildRules = (
			);
			dependencies = (
			);
			name = SwiftHackUIExamples;
			productName = SwiftHackUIExamples;
			productReference = 3E1CFD60263A727E0021BCFF /* SwiftHackUIExamples.app */;
			productType = "com.apple.product-type.application";
		};
/* End PBXNativeTarget section */

/* Begin PBXProject section */
		3E1CFD37263A714E0021BCFF /* Project object */ = {
			isa = PBXProject;
			attributes = {
				LastSwiftUpdateCheck = 1240;
				LastUpgradeCheck = 1240;
				TargetAttributes = {
					3E1CFD3F263A714E0021BCFF = {
						CreatedOnToolsVersion = 12.4;
						LastSwiftMigration = 1240;
					};
					3E1CFD48263A714E0021BCFF = {
						CreatedOnToolsVersion = 12.4;
					};
					3E1CFD5F263A727E0021BCFF = {
						CreatedOnToolsVersion = 12.4;
					};
				};
			};
			buildConfigurationList = 3E1CFD3A263A714E0021BCFF /* Build configuration list for PBXProject "SwiftHackUI" */;
			compatibilityVersion = "Xcode 9.3";
			developmentRegion = en;
			hasScannedForEncodings = 0;
			knownRegions = (
				en,
				Base,
			);
			mainGroup = 3E1CFD36263A714E0021BCFF;
			productRefGroup = 3E1CFD41263A714E0021BCFF /* Products */;
			projectDirPath = "";
			projectRoot = "";
			targets = (
				3E1CFD3F263A714E0021BCFF /* SwiftHackUI */,
				3E1CFD48263A714E0021BCFF /* SwiftHackUITests */,
				3E1CFD5F263A727E0021BCFF /* SwiftHackUIExamples */,
			);
		};
/* End PBXProject section */

/* Begin PBXResourcesBuildPhase section */
		3E1CFD3E263A714E0021BCFF /* Resources */ = {
			isa = PBXResourcesBuildPhase;
			buildActionMask = 2147483647;
			files = (
			);
			runOnlyForDeploymentPostprocessing = 0;
		};
		3E1CFD47263A714E0021BCFF /* Resources */ = {
			isa = PBXResourcesBuildPhase;
			buildActionMask = 2147483647;
			files = (
			);
			runOnlyForDeploymentPostprocessing = 0;
		};
		3E1CFD5E263A727E0021BCFF /* Resources */ = {
			isa = PBXResourcesBuildPhase;
			buildActionMask = 2147483647;
			files = (
				3E1CFD6F263A72810021BCFF /* LaunchScreen.storyboard in Resources */,
				3E1CFD6C263A72810021BCFF /* Assets.xcassets in Resources */,
				3E1CFD6A263A727E0021BCFF /* Main.storyboard in Resources */,
			);
			runOnlyForDeploymentPostprocessing = 0;
		};
/* End PBXResourcesBuildPhase section */

/* Begin PBXSourcesBuildPhase section */
		3E1CFD3C263A714E0021BCFF /* Sources */ = {
			isa = PBXSourcesBuildPhase;
			buildActionMask = 2147483647;
			files = (
				3E1CFD94263A76FB0021BCFF /* UIViewPodExtension.swift in Sources */,
				3E1CFD78263A75E70021BCFF /* CircleButtonGroupView.swift in Sources */,
				3E1CFD8C263A76C70021BCFF /* UIColorPodExtension.swift in Sources */,
				3E1CFD83263A766E0021BCFF /* Colors.swift in Sources */,
				3E1CFD7D263A763F0021BCFF /* CircleButton.swift in Sources */,
			);
			runOnlyForDeploymentPostprocessing = 0;
		};
		3E1CFD45263A714E0021BCFF /* Sources */ = {
			isa = PBXSourcesBuildPhase;
			buildActionMask = 2147483647;
			files = (
				3E1CFDA8263A77C90021BCFF /* CircleButtonGroupViewTest.swift in Sources */,
				3E1CFD4F263A714E0021BCFF /* SwiftHackUITests.swift in Sources */,
			);
			runOnlyForDeploymentPostprocessing = 0;
		};
		3E1CFD5C263A727E0021BCFF /* Sources */ = {
			isa = PBXSourcesBuildPhase;
			buildActionMask = 2147483647;
			files = (
				3E1CFD63263A727E0021BCFF /* AppDelegate.swift in Sources */,
				3E1CFDB8263A7BBC0021BCFF /* CircleButtonGroupViewController.swift in Sources */,
				3E1CFD65263A727E0021BCFF /* SceneDelegate.swift in Sources */,
				3E1CFDC3263A7BFE0021BCFF /* HomeViewController.swift in Sources */,
			);
			runOnlyForDeploymentPostprocessing = 0;
		};
/* End PBXSourcesBuildPhase section */

/* Begin PBXTargetDependency section */
		3E1CFD4C263A714E0021BCFF /* PBXTargetDependency */ = {
			isa = PBXTargetDependency;
			target = 3E1CFD3F263A714E0021BCFF /* SwiftHackUI */;
			targetProxy = 3E1CFD4B263A714E0021BCFF /* PBXContainerItemProxy */;
		};
/* End PBXTargetDependency section */

/* Begin PBXVariantGroup section */
		3E1CFD68263A727E0021BCFF /* Main.storyboard */ = {
			isa = PBXVariantGroup;
			children = (
				3E1CFD69263A727E0021BCFF /* Base */,
			);
			name = Main.storyboard;
			sourceTree = "<group>";
		};
		3E1CFD6D263A72810021BCFF /* LaunchScreen.storyboard */ = {
			isa = PBXVariantGroup;
			children = (
				3E1CFD6E263A72810021BCFF /* Base */,
			);
			name = LaunchScreen.storyboard;
			sourceTree = "<group>";
		};
/* End PBXVariantGroup section */

/* Begin XCBuildConfiguration section */
		3E1CFD52263A714E0021BCFF /* Debug */ = {
			isa = XCBuildConfiguration;
			buildSettings = {
				ALWAYS_SEARCH_USER_PATHS = NO;
				CLANG_ANALYZER_NONNULL = YES;
				CLANG_ANALYZER_NUMBER_OBJECT_CONVERSION = YES_AGGRESSIVE;
				CLANG_CXX_LANGUAGE_STANDARD = "gnu++14";
				CLANG_CXX_LIBRARY = "libc++";
				CLANG_ENABLE_MODULES = YES;
				CLANG_ENABLE_OBJC_ARC = YES;
				CLANG_ENABLE_OBJC_WEAK = YES;
				CLANG_WARN_BLOCK_CAPTURE_AUTORELEASING = YES;
				CLANG_WARN_BOOL_CONVERSION = YES;
				CLANG_WARN_COMMA = YES;
				CLANG_WARN_CONSTANT_CONVERSION = YES;
				CLANG_WARN_DEPRECATED_OBJC_IMPLEMENTATIONS = YES;
				CLANG_WARN_DIRECT_OBJC_ISA_USAGE = YES_ERROR;
				CLANG_WARN_DOCUMENTATION_COMMENTS = YES;
				CLANG_WARN_EMPTY_BODY = YES;
				CLANG_WARN_ENUM_CONVERSION = YES;
				CLANG_WARN_INFINITE_RECURSION = YES;
				CLANG_WARN_INT_CONVERSION = YES;
				CLANG_WARN_NON_LITERAL_NULL_CONVERSION = YES;
				CLANG_WARN_OBJC_IMPLICIT_RETAIN_SELF = YES;
				CLANG_WARN_OBJC_LITERAL_CONVERSION = YES;
				CLANG_WARN_OBJC_ROOT_CLASS = YES_ERROR;
				CLANG_WARN_QUOTED_INCLUDE_IN_FRAMEWORK_HEADER = YES;
				CLANG_WARN_RANGE_LOOP_ANALYSIS = YES;
				CLANG_WARN_STRICT_PROTOTYPES = YES;
				CLANG_WARN_SUSPICIOUS_MOVE = YES;
				CLANG_WARN_UNGUARDED_AVAILABILITY = YES_AGGRESSIVE;
				CLANG_WARN_UNREACHABLE_CODE = YES;
				CLANG_WARN__DUPLICATE_METHOD_MATCH = YES;
				COPY_PHASE_STRIP = NO;
				CURRENT_PROJECT_VERSION = 1;
				DEBUG_INFORMATION_FORMAT = dwarf;
				ENABLE_STRICT_OBJC_MSGSEND = YES;
				ENABLE_TESTABILITY = YES;
				GCC_C_LANGUAGE_STANDARD = gnu11;
				GCC_DYNAMIC_NO_PIC = NO;
				GCC_NO_COMMON_BLOCKS = YES;
				GCC_OPTIMIZATION_LEVEL = 0;
				GCC_PREPROCESSOR_DEFINITIONS = (
					"DEBUG=1",
					"$(inherited)",
				);
				GCC_WARN_64_TO_32_BIT_CONVERSION = YES;
				GCC_WARN_ABOUT_RETURN_TYPE = YES_ERROR;
				GCC_WARN_UNDECLARED_SELECTOR = YES;
				GCC_WARN_UNINITIALIZED_AUTOS = YES_AGGRESSIVE;
				GCC_WARN_UNUSED_FUNCTION = YES;
				GCC_WARN_UNUSED_VARIABLE = YES;
				IPHONEOS_DEPLOYMENT_TARGET = 14.4;
				MTL_ENABLE_DEBUG_INFO = INCLUDE_SOURCE;
				MTL_FAST_MATH = YES;
				ONLY_ACTIVE_ARCH = YES;
				SDKROOT = iphoneos;
				SWIFT_ACTIVE_COMPILATION_CONDITIONS = DEBUG;
				SWIFT_OPTIMIZATION_LEVEL = "-Onone";
				VERSIONING_SYSTEM = "apple-generic";
				VERSION_INFO_PREFIX = "";
			};
			name = Debug;
		};
		3E1CFD53263A714E0021BCFF /* Release */ = {
			isa = XCBuildConfiguration;
			buildSettings = {
				ALWAYS_SEARCH_USER_PATHS = NO;
				CLANG_ANALYZER_NONNULL = YES;
				CLANG_ANALYZER_NUMBER_OBJECT_CONVERSION = YES_AGGRESSIVE;
				CLANG_CXX_LANGUAGE_STANDARD = "gnu++14";
				CLANG_CXX_LIBRARY = "libc++";
				CLANG_ENABLE_MODULES = YES;
				CLANG_ENABLE_OBJC_ARC = YES;
				CLANG_ENABLE_OBJC_WEAK = YES;
				CLANG_WARN_BLOCK_CAPTURE_AUTORELEASING = YES;
				CLANG_WARN_BOOL_CONVERSION = YES;
				CLANG_WARN_COMMA = YES;
				CLANG_WARN_CONSTANT_CONVERSION = YES;
				CLANG_WARN_DEPRECATED_OBJC_IMPLEMENTATIONS = YES;
				CLANG_WARN_DIRECT_OBJC_ISA_USAGE = YES_ERROR;
				CLANG_WARN_DOCUMENTATION_COMMENTS = YES;
				CLANG_WARN_EMPTY_BODY = YES;
				CLANG_WARN_ENUM_CONVERSION = YES;
				CLANG_WARN_INFINITE_RECURSION = YES;
				CLANG_WARN_INT_CONVERSION = YES;
				CLANG_WARN_NON_LITERAL_NULL_CONVERSION = YES;
				CLANG_WARN_OBJC_IMPLICIT_RETAIN_SELF = YES;
				CLANG_WARN_OBJC_LITERAL_CONVERSION = YES;
				CLANG_WARN_OBJC_ROOT_CLASS = YES_ERROR;
				CLANG_WARN_QUOTED_INCLUDE_IN_FRAMEWORK_HEADER = YES;
				CLANG_WARN_RANGE_LOOP_ANALYSIS = YES;
				CLANG_WARN_STRICT_PROTOTYPES = YES;
				CLANG_WARN_SUSPICIOUS_MOVE = YES;
				CLANG_WARN_UNGUARDED_AVAILABILITY = YES_AGGRESSIVE;
				CLANG_WARN_UNREACHABLE_CODE = YES;
				CLANG_WARN__DUPLICATE_METHOD_MATCH = YES;
				COPY_PHASE_STRIP = NO;
				CURRENT_PROJECT_VERSION = 1;
				DEBUG_INFORMATION_FORMAT = "dwarf-with-dsym";
				ENABLE_NS_ASSERTIONS = NO;
				ENABLE_STRICT_OBJC_MSGSEND = YES;
				GCC_C_LANGUAGE_STANDARD = gnu11;
				GCC_NO_COMMON_BLOCKS = YES;
				GCC_WARN_64_TO_32_BIT_CONVERSION = YES;
				GCC_WARN_ABOUT_RETURN_TYPE = YES_ERROR;
				GCC_WARN_UNDECLARED_SELECTOR = YES;
				GCC_WARN_UNINITIALIZED_AUTOS = YES_AGGRESSIVE;
				GCC_WARN_UNUSED_FUNCTION = YES;
				GCC_WARN_UNUSED_VARIABLE = YES;
				IPHONEOS_DEPLOYMENT_TARGET = 14.4;
				MTL_ENABLE_DEBUG_INFO = NO;
				MTL_FAST_MATH = YES;
				SDKROOT = iphoneos;
				SWIFT_COMPILATION_MODE = wholemodule;
				SWIFT_OPTIMIZATION_LEVEL = "-O";
				VALIDATE_PRODUCT = YES;
				VERSIONING_SYSTEM = "apple-generic";
				VERSION_INFO_PREFIX = "";
			};
			name = Release;
		};
		3E1CFD55263A714E0021BCFF /* Debug */ = {
			isa = XCBuildConfiguration;
			buildSettings = {
				CLANG_ENABLE_MODULES = YES;
				CODE_SIGN_STYLE = Automatic;
				DEFINES_MODULE = YES;
				DEVELOPMENT_TEAM = U8M84SE4ND;
				DYLIB_COMPATIBILITY_VERSION = 1;
				DYLIB_CURRENT_VERSION = 1;
				DYLIB_INSTALL_NAME_BASE = "@rpath";
				INFOPLIST_FILE = SwiftHackUI/Info.plist;
				INSTALL_PATH = "$(LOCAL_LIBRARY_DIR)/Frameworks";
				LD_RUNPATH_SEARCH_PATHS = (
					"$(inherited)",
					"@executable_path/Frameworks",
					"@loader_path/Frameworks",
				);
				PRODUCT_BUNDLE_IDENTIFIER = FabioQuintanilha.SwiftHackUI;
				PRODUCT_NAME = "$(TARGET_NAME:c99extidentifier)";
				SKIP_INSTALL = YES;
				SWIFT_OPTIMIZATION_LEVEL = "-Onone";
				SWIFT_VERSION = 5.0;
				TARGETED_DEVICE_FAMILY = "1,2";
			};
			name = Debug;
		};
		3E1CFD56263A714E0021BCFF /* Release */ = {
			isa = XCBuildConfiguration;
			buildSettings = {
				CLANG_ENABLE_MODULES = YES;
				CODE_SIGN_STYLE = Automatic;
				DEFINES_MODULE = YES;
				DEVELOPMENT_TEAM = U8M84SE4ND;
				DYLIB_COMPATIBILITY_VERSION = 1;
				DYLIB_CURRENT_VERSION = 1;
				DYLIB_INSTALL_NAME_BASE = "@rpath";
				INFOPLIST_FILE = SwiftHackUI/Info.plist;
				INSTALL_PATH = "$(LOCAL_LIBRARY_DIR)/Frameworks";
				LD_RUNPATH_SEARCH_PATHS = (
					"$(inherited)",
					"@executable_path/Frameworks",
					"@loader_path/Frameworks",
				);
				PRODUCT_BUNDLE_IDENTIFIER = FabioQuintanilha.SwiftHackUI;
				PRODUCT_NAME = "$(TARGET_NAME:c99extidentifier)";
				SKIP_INSTALL = YES;
				SWIFT_VERSION = 5.0;
				TARGETED_DEVICE_FAMILY = "1,2";
			};
			name = Release;
		};
		3E1CFD58263A714E0021BCFF /* Debug */ = {
			isa = XCBuildConfiguration;
			buildSettings = {
				ALWAYS_EMBED_SWIFT_STANDARD_LIBRARIES = YES;
				CODE_SIGN_STYLE = Automatic;
				DEVELOPMENT_TEAM = U8M84SE4ND;
				INFOPLIST_FILE = SwiftHackUITests/Info.plist;
				LD_RUNPATH_SEARCH_PATHS = (
					"$(inherited)",
					"@executable_path/Frameworks",
					"@loader_path/Frameworks",
				);
				PRODUCT_BUNDLE_IDENTIFIER = FabioQuintanilha.SwiftHackUITests;
				PRODUCT_NAME = "$(TARGET_NAME)";
				SWIFT_VERSION = 5.0;
				TARGETED_DEVICE_FAMILY = "1,2";
			};
			name = Debug;
		};
		3E1CFD59263A714E0021BCFF /* Release */ = {
			isa = XCBuildConfiguration;
			buildSettings = {
				ALWAYS_EMBED_SWIFT_STANDARD_LIBRARIES = YES;
				CODE_SIGN_STYLE = Automatic;
				DEVELOPMENT_TEAM = U8M84SE4ND;
				INFOPLIST_FILE = SwiftHackUITests/Info.plist;
				LD_RUNPATH_SEARCH_PATHS = (
					"$(inherited)",
					"@executable_path/Frameworks",
					"@loader_path/Frameworks",
				);
				PRODUCT_BUNDLE_IDENTIFIER = FabioQuintanilha.SwiftHackUITests;
				PRODUCT_NAME = "$(TARGET_NAME)";
				SWIFT_VERSION = 5.0;
				TARGETED_DEVICE_FAMILY = "1,2";
			};
			name = Release;
		};
		3E1CFD72263A72810021BCFF /* Debug */ = {
			isa = XCBuildConfiguration;
			buildSettings = {
				ASSETCATALOG_COMPILER_APPICON_NAME = AppIcon;
				ASSETCATALOG_COMPILER_GLOBAL_ACCENT_COLOR_NAME = AccentColor;
				CODE_SIGN_STYLE = Automatic;
				DEVELOPMENT_TEAM = U8M84SE4ND;
				INFOPLIST_FILE = SwiftHackUIExamples/Info.plist;
				LD_RUNPATH_SEARCH_PATHS = (
					"$(inherited)",
					"@executable_path/Frameworks",
				);
				PRODUCT_BUNDLE_IDENTIFIER = FabioQuintanilha.SwiftHackUIExamples;
				PRODUCT_NAME = "$(TARGET_NAME)";
				SWIFT_VERSION = 5.0;
				TARGETED_DEVICE_FAMILY = "1,2";
			};
			name = Debug;
		};
		3E1CFD73263A72810021BCFF /* Release */ = {
			isa = XCBuildConfiguration;
			buildSettings = {
				ASSETCATALOG_COMPILER_APPICON_NAME = AppIcon;
				ASSETCATALOG_COMPILER_GLOBAL_ACCENT_COLOR_NAME = AccentColor;
				CODE_SIGN_STYLE = Automatic;
				DEVELOPMENT_TEAM = U8M84SE4ND;
				INFOPLIST_FILE = SwiftHackUIExamples/Info.plist;
				LD_RUNPATH_SEARCH_PATHS = (
					"$(inherited)",
					"@executable_path/Frameworks",
				);
				PRODUCT_BUNDLE_IDENTIFIER = FabioQuintanilha.SwiftHackUIExamples;
				PRODUCT_NAME = "$(TARGET_NAME)";
				SWIFT_VERSION = 5.0;
				TARGETED_DEVICE_FAMILY = "1,2";
			};
			name = Release;
		};
/* End XCBuildConfiguration section */

/* Begin XCConfigurationList section */
		3E1CFD3A263A714E0021BCFF /* Build configuration list for PBXProject "SwiftHackUI" */ = {
			isa = XCConfigurationList;
			buildConfigurations = (
				3E1CFD52263A714E0021BCFF /* Debug */,
				3E1CFD53263A714E0021BCFF /* Release */,
			);
			defaultConfigurationIsVisible = 0;
			defaultConfigurationName = Release;
		};
		3E1CFD54263A714E0021BCFF /* Build configuration list for PBXNativeTarget "SwiftHackUI" */ = {
			isa = XCConfigurationList;
			buildConfigurations = (
				3E1CFD55263A714E0021BCFF /* Debug */,
				3E1CFD56263A714E0021BCFF /* Release */,
			);
			defaultConfigurationIsVisible = 0;
			defaultConfigurationName = Release;
		};
		3E1CFD57263A714E0021BCFF /* Build configuration list for PBXNativeTarget "SwiftHackUITests" */ = {
			isa = XCConfigurationList;
			buildConfigurations = (
				3E1CFD58263A714E0021BCFF /* Debug */,
				3E1CFD59263A714E0021BCFF /* Release */,
			);
			defaultConfigurationIsVisible = 0;
			defaultConfigurationName = Release;
		};
		3E1CFD71263A72810021BCFF /* Build configuration list for PBXNativeTarget "SwiftHackUIExamples" */ = {
			isa = XCConfigurationList;
			buildConfigurations = (
				3E1CFD72263A72810021BCFF /* Debug */,
				3E1CFD73263A72810021BCFF /* Release */,
			);
			defaultConfigurationIsVisible = 0;
			defaultConfigurationName = Release;
		};
/* End XCConfigurationList section */
	};
	rootObject = 3E1CFD37263A714E0021BCFF /* Project object */;
}
